{
	"name": "next_svelte",
	"version": "0.0.1",
	"lockfileVersion": 1,
	"requires": true,
	"dependencies": {
		"@babel/code-frame": {
			"version": "7.12.13",
			"resolved": "https://registry.npmjs.org/@babel/code-frame/-/code-frame-7.12.13.tgz",
			"integrity": "sha512-HV1Cm0Q3ZrpCR93tkWOYiuYIgLxZXZFVG2VgK+MBWjUqZTundupbfx2aXarXuw5Ko5aMcjtJgbSs4vUGBS5v6g==",
			"dev": true,
			"requires": {
				"@babel/highlight": "^7.12.13"
			}
		},
		"@babel/helper-validator-identifier": {
			"version": "7.12.11",
			"resolved": "https://registry.npmjs.org/@babel/helper-validator-identifier/-/helper-validator-identifier-7.12.11.tgz",
			"integrity": "sha512-np/lG3uARFybkoHokJUmf1QfEvRVCPbmQeUQpKow5cQ3xWrV9i3rUHodKDJPQfTVX61qKi+UdYk8kik84n7XOw==",
			"dev": true
		},
		"@babel/highlight": {
			"version": "7.12.13",
			"resolved": "https://registry.npmjs.org/@babel/highlight/-/highlight-7.12.13.tgz",
			"integrity": "sha512-kocDQvIbgMKlWxXe9fof3TQ+gkIPOUSEYhJjqUjvKMez3krV7vbzYCDq39Oj11UAVK7JqPVGQPlgE85dPNlQww==",
			"dev": true,
			"requires": {
				"@babel/helper-validator-identifier": "^7.12.11",
				"chalk": "^2.0.0",
				"js-tokens": "^4.0.0"
			}
		},
		"@snowpack/plugin-svelte": {
			"version": "3.5.2",
			"resolved": "https://registry.npmjs.org/@snowpack/plugin-svelte/-/plugin-svelte-3.5.2.tgz",
			"integrity": "sha512-i7OhkIRNt1uJ/y3qpowlU7icjtSgFPIl/GjMmBxhtwoIqHAnowFLh1Ur5G6S36GCFo65ymClnYfEIM/2x1+wPQ==",
			"dev": true,
			"requires": {
				"rollup-plugin-svelte": "^7.0.0",
				"svelte-hmr": "^0.12.1",
				"svelte-preprocess": "^4.6.0"
			}
		},
		"@sveltejs/adapter-node": {
			"version": "1.0.0-next.1",
			"resolved": "https://registry.npmjs.org/@sveltejs/adapter-node/-/adapter-node-1.0.0-next.1.tgz",
			"integrity": "sha512-Qzc+FWTV1lVvDiHngvHbuiuBG/U6CZd1FLU213KyHvjfExPj+Sek3lP6jSCH3fQ5QuQkwGFaIMFSvMUTGU+fkA==",
			"dev": true
		},
		"@sveltejs/kit": {
			"version": "1.0.0-next.31",
			"resolved": "https://registry.npmjs.org/@sveltejs/kit/-/kit-1.0.0-next.31.tgz",
			"integrity": "sha512-bK+xik3jJ+hd0oqhibsY8FUp6sdQVHmU9GPnVg7eOBTogetPwIu8EgwuFOgBPb2tCZZISwB5CpDQ38o8bLtOaw==",
			"dev": true,
			"requires": {
				"cheap-watch": "^1.0.3",
				"http-proxy": "^1.18.1",
				"rollup": "^2.38.3",
				"rollup-plugin-css-chunks": "^2.0.2",
				"rollup-plugin-terser": "^7.0.2",
				"sade": "^1.7.4",
				"scorta": "^1.0.0",
				"snowpack": "^3.0.11",
				"source-map": "^0.7.3"
			}
		},
		"@sveltejs/snowpack-config": {
			"version": "1.0.0-next.2",
			"resolved": "https://registry.npmjs.org/@sveltejs/snowpack-config/-/snowpack-config-1.0.0-next.2.tgz",
			"integrity": "sha512-SasvBNHtJlkLLAyaq6pRh7US9K7RncQQSa1bffKIozDAEu395cZM/Kpc5QEA0CN5l6KLQNoxICjZ5XHtwwihuA==",
			"dev": true,
			"requires": {
				"@snowpack/plugin-svelte": "^3.5.2"
			}
		},
		"@types/node": {
			"version": "14.14.25",
			"resolved": "https://registry.npmjs.org/@types/node/-/node-14.14.25.tgz",
			"integrity": "sha512-EPpXLOVqDvisVxtlbvzfyqSsFeQxltFbluZNRndIb8tr9KiBnYNLzrc1N3pyKUCww2RNrfHDViqDWWE1LCJQtQ==",
			"dev": true
		},
		"@types/pug": {
			"version": "2.0.4",
			"resolved": "https://registry.npmjs.org/@types/pug/-/pug-2.0.4.tgz",
			"integrity": "sha1-h3L80EGOPNLMFxVV1zAHQVBR9LI=",
			"dev": true
		},
		"@types/sass": {
			"version": "1.16.0",
			"resolved": "https://registry.npmjs.org/@types/sass/-/sass-1.16.0.tgz",
			"integrity": "sha512-2XZovu4NwcqmtZtsBR5XYLw18T8cBCnU2USFHTnYLLHz9fkhnoEMoDsqShJIOFsFhn5aJHjweiUUdTrDGujegA==",
			"dev": true,
			"requires": {
				"@types/node": "*"
			}
		},
		"ansi-styles": {
			"version": "3.2.1",
			"resolved": "https://registry.npmjs.org/ansi-styles/-/ansi-styles-3.2.1.tgz",
			"integrity": "sha512-VT0ZI6kZRdTh8YyJw3SMbYm/u+NqfsAxEpWO0Pf9sq8/e94WxxOpPKx9FR1FlyCtOVDNOQ+8ntlqFxiRc+r5qA==",
			"dev": true,
			"requires": {
				"color-convert": "^1.9.0"
			}
		},
		"buffer-from": {
			"version": "1.1.1",
			"resolved": "https://registry.npmjs.org/buffer-from/-/buffer-from-1.1.1.tgz",
			"integrity": "sha512-MQcXEUbCKtEo7bhqEs6560Hyd4XaovZlO/k9V3hjVUF/zwW7KBVdSK4gIt/bzwS9MbR5qob+F5jusZsb0YQK2A==",
			"dev": true
		},
		"chalk": {
			"version": "2.4.2",
			"resolved": "https://registry.npmjs.org/chalk/-/chalk-2.4.2.tgz",
			"integrity": "sha512-Mti+f9lpJNcwF4tWV8/OrTTtF1gZi+f8FqlyAdouralcFWFQWF2+NgCHShjkCb+IFBLq9buZwE1xckQU4peSuQ==",
			"dev": true,
			"requires": {
				"ansi-styles": "^3.2.1",
				"escape-string-regexp": "^1.0.5",
				"supports-color": "^5.3.0"
			}
		},
		"cheap-watch": {
			"version": "1.0.3",
			"resolved": "https://registry.npmjs.org/cheap-watch/-/cheap-watch-1.0.3.tgz",
			"integrity": "sha512-xC5CruMhLzjPwJ5ecUxGu1uGmwJQykUhqd2QrCrYbwvsFYdRyviu6jG9+pccwDXJR/OpmOTOJ9yLFunVgQu9wg==",
			"dev": true
		},
		"color-convert": {
			"version": "1.9.3",
			"resolved": "https://registry.npmjs.org/color-convert/-/color-convert-1.9.3.tgz",
			"integrity": "sha512-QfAUtd+vFdAtFQcC8CCyYt1fYWxSqAiK2cSD6zDB8N3cpsEBAvRxp9zOGg6G/SHHJYAT88/az/IuDGALsNVbGg==",
			"dev": true,
			"requires": {
				"color-name": "1.1.3"
			}
		},
		"color-name": {
			"version": "1.1.3",
			"resolved": "https://registry.npmjs.org/color-name/-/color-name-1.1.3.tgz",
			"integrity": "sha1-p9BVi9icQveV3UIyj3QIMcpTvCU=",
			"dev": true
		},
		"commander": {
			"version": "2.20.3",
			"resolved": "https://registry.npmjs.org/commander/-/commander-2.20.3.tgz",
			"integrity": "sha512-GpVkmM8vF2vQUkj2LvZmD35JxeJOLCwJ9cUkugyk2nuhbv3+mJvpLYYt+0+USMxE+oj+ey/lJEnhZw75x/OMcQ==",
			"dev": true
		},
		"detect-indent": {
			"version": "6.0.0",
			"resolved": "https://registry.npmjs.org/detect-indent/-/detect-indent-6.0.0.tgz",
			"integrity": "sha512-oSyFlqaTHCItVRGK5RmrmjB+CmaMOW7IaNA/kdxqhoa6d17j/5ce9O9eWXmV/KEdRwqpQA+Vqe8a8Bsybu4YnA==",
			"dev": true
		},
		"esbuild": {
			"version": "0.8.42",
			"resolved": "https://registry.npmjs.org/esbuild/-/esbuild-0.8.42.tgz",
			"integrity": "sha512-zUtj5RMqROCCCH0vV/a7cd8YQg8I0GWBhV3A3PklWRT+oM/YwVbnrtFnITzE1otGdnXplWHWdZ4OcYiV0PN+JQ==",
			"dev": true
		},
		"escalade": {
			"version": "3.1.1",
			"resolved": "https://registry.npmjs.org/escalade/-/escalade-3.1.1.tgz",
			"integrity": "sha512-k0er2gUkLf8O0zKJiAhmkTnJlTvINGv7ygDNPbeIsX/TJjGJZHuh9B2UxbsaEkmlEo9MfhrSzmhIlhRlI2GXnw==",
			"dev": true
		},
		"escape-string-regexp": {
			"version": "1.0.5",
			"resolved": "https://registry.npmjs.org/escape-string-regexp/-/escape-string-regexp-1.0.5.tgz",
			"integrity": "sha1-G2HAViGQqN/2rjuyzwIAyhMLhtQ=",
			"dev": true
		},
		"estree-walker": {
			"version": "0.6.1",
			"resolved": "https://registry.npmjs.org/estree-walker/-/estree-walker-0.6.1.tgz",
			"integrity": "sha512-SqmZANLWS0mnatqbSfRP5g8OXZC12Fgg1IwNtLsyHDzJizORW4khDfjPqJZsemPWBB2uqykUah5YpQ6epsqC/w==",
			"dev": true
		},
		"eventemitter3": {
			"version": "4.0.7",
			"resolved": "https://registry.npmjs.org/eventemitter3/-/eventemitter3-4.0.7.tgz",
			"integrity": "sha512-8guHBZCwKnFhYdHr2ysuRWErTwhoN2X8XELRlrRwpmfeY2jjuUN4taQMsULKUVo1K4DvZl+0pgfyoysHxvmvEw==",
			"dev": true
		},
		"follow-redirects": {
			"version": "1.13.2",
			"resolved": "https://registry.npmjs.org/follow-redirects/-/follow-redirects-1.13.2.tgz",
			"integrity": "sha512-6mPTgLxYm3r6Bkkg0vNM0HTjfGrOEtsfbhagQvbxDEsEkpNhw582upBaoRZylzen6krEmxXJgt9Ju6HiI4O7BA==",
			"dev": true
		},
		"fsevents": {
			"version": "2.3.2",
			"resolved": "https://registry.npmjs.org/fsevents/-/fsevents-2.3.2.tgz",
			"integrity": "sha512-xiqMQR4xAeHTuB9uWm+fFRcIOgKBMiOBP+eXiyT7jsgVCq1bkVygt00oASowB7EdtpOHaaPgKt812P9ab+DDKA==",
			"dev": true,
			"optional": true
		},
		"has-flag": {
			"version": "3.0.0",
			"resolved": "https://registry.npmjs.org/has-flag/-/has-flag-3.0.0.tgz",
			"integrity": "sha1-tdRU3CGZriJWmfNGfloH87lVuv0=",
			"dev": true
		},
		"http-proxy": {
			"version": "1.18.1",
			"resolved": "https://registry.npmjs.org/http-proxy/-/http-proxy-1.18.1.tgz",
			"integrity": "sha512-7mz/721AbnJwIVbnaSv1Cz3Am0ZLT/UBwkC92VlxhXv/k/BBQfM2fXElQNC27BVGr0uwUpplYPQM9LnaBMR5NQ==",
			"dev": true,
			"requires": {
				"eventemitter3": "^4.0.0",
				"follow-redirects": "^1.0.0",
				"requires-port": "^1.0.0"
			}
		},
		"is-docker": {
			"version": "2.1.1",
			"resolved": "https://registry.npmjs.org/is-docker/-/is-docker-2.1.1.tgz",
			"integrity": "sha512-ZOoqiXfEwtGknTiuDEy8pN2CfE3TxMHprvNer1mXiqwkOT77Rw3YVrUQ52EqAOU3QAWDQ+bQdx7HJzrv7LS2Hw==",
			"dev": true
		},
		"is-wsl": {
			"version": "2.2.0",
			"resolved": "https://registry.npmjs.org/is-wsl/-/is-wsl-2.2.0.tgz",
			"integrity": "sha512-fKzAra0rGJUUBwGBgNkHZuToZcn+TtXHpeCgmkMJMMYx1sQDYaCSyjJBSCa2nH1DGm7s3n1oBnohoVTBaN7Lww==",
			"dev": true,
			"requires": {
				"is-docker": "^2.0.0"
			}
		},
		"jest-worker": {
			"version": "26.6.2",
			"resolved": "https://registry.npmjs.org/jest-worker/-/jest-worker-26.6.2.tgz",
			"integrity": "sha512-KWYVV1c4i+jbMpaBC+U++4Va0cp8OisU185o73T1vo99hqi7w8tSJfUXYswwqqrjzwxa6KpRK54WhPvwf5w6PQ==",
			"dev": true,
			"requires": {
				"@types/node": "*",
				"merge-stream": "^2.0.0",
				"supports-color": "^7.0.0"
			},
			"dependencies": {
				"has-flag": {
					"version": "4.0.0",
					"resolved": "https://registry.npmjs.org/has-flag/-/has-flag-4.0.0.tgz",
					"integrity": "sha512-EykJT/Q1KjTWctppgIAgfSO0tKVuZUjhgMr17kqTumMl6Afv3EISleU7qZUzoXDFTAHTDC4NOoG/ZxU3EvlMPQ==",
					"dev": true
				},
				"supports-color": {
					"version": "7.2.0",
					"resolved": "https://registry.npmjs.org/supports-color/-/supports-color-7.2.0.tgz",
					"integrity": "sha512-qpCAvRl9stuOHveKsn7HncJRvv501qIacKzQlO/+Lwxc9+0q2wLyv4Dfvt80/DPn2pqOBsJdDiogXGR9+OvwRw==",
					"dev": true,
					"requires": {
						"has-flag": "^4.0.0"
					}
				}
			}
		},
		"js-tokens": {
			"version": "4.0.0",
			"resolved": "https://registry.npmjs.org/js-tokens/-/js-tokens-4.0.0.tgz",
			"integrity": "sha512-RdJUflcE3cUzKiMqQgsCu06FPu9UdIJO0beYbPhHN4k6apgJtifcoCtT9bcxOpYBtpD2kCM6Sbzg4CausW/PKQ==",
			"dev": true
		},
		"merge-stream": {
			"version": "2.0.0",
			"resolved": "https://registry.npmjs.org/merge-stream/-/merge-stream-2.0.0.tgz",
			"integrity": "sha512-abv/qOcuPfk3URPfDzmZU1LKmuw8kT+0nIHvKrKgFrwifol/doWcdA4ZqsWQ8ENrFKkd67Mfpo/LovbIUsbt3w==",
			"dev": true
		},
		"min-indent": {
			"version": "1.0.1",
			"resolved": "https://registry.npmjs.org/min-indent/-/min-indent-1.0.1.tgz",
			"integrity": "sha512-I9jwMn07Sy/IwOj3zVkVik2JTvgpaykDZEigL6Rx6N9LbMywwUSMtxET+7lVoDLLd3O3IXwJwvuuns8UB/HeAg==",
			"dev": true
		},
		"mri": {
			"version": "1.1.6",
			"resolved": "https://registry.npmjs.org/mri/-/mri-1.1.6.tgz",
			"integrity": "sha512-oi1b3MfbyGa7FJMP9GmLTttni5JoICpYBRlq+x5V16fZbLsnL9N3wFqqIm/nIG43FjUFkFh9Epzp/kzUGUnJxQ==",
			"dev": true
		},
		"open": {
			"version": "7.4.0",
			"resolved": "https://registry.npmjs.org/open/-/open-7.4.0.tgz",
			"integrity": "sha512-PGoBCX/lclIWlpS/R2PQuIR4NJoXh6X5AwVzE7WXnWRGvHg7+4TBCgsujUgiPpm0K1y4qvQeWnCWVTpTKZBtvA==",
			"dev": true,
			"requires": {
				"is-docker": "^2.0.0",
				"is-wsl": "^2.1.1"
			}
		},
		"randombytes": {
			"version": "2.1.0",
			"resolved": "https://registry.npmjs.org/randombytes/-/randombytes-2.1.0.tgz",
			"integrity": "sha512-vYl3iOX+4CKUWuxGi9Ukhie6fsqXqS9FE2Zaic4tNFD2N2QQaXOMFbuKK4QmDHC0JO6B1Zp41J0LpT0oR68amQ==",
			"dev": true,
			"requires": {
				"safe-buffer": "^5.1.0"
			}
		},
		"require-relative": {
			"version": "0.8.7",
			"resolved": "https://registry.npmjs.org/require-relative/-/require-relative-0.8.7.tgz",
			"integrity": "sha1-eZlTn8ngR6N5KPoZb44VY9q9Nt4=",
			"dev": true
		},
		"requires-port": {
			"version": "1.0.0",
			"resolved": "https://registry.npmjs.org/requires-port/-/requires-port-1.0.0.tgz",
			"integrity": "sha1-kl0mAdOaxIXgkc8NpcbmlNw9yv8=",
			"dev": true
		},
		"rollup": {
			"version": "2.38.5",
			"resolved": "https://registry.npmjs.org/rollup/-/rollup-2.38.5.tgz",
			"integrity": "sha512-VoWt8DysFGDVRGWuHTqZzT02J0ASgjVq/hPs9QcBOGMd7B+jfTr/iqMVEyOi901rE3xq+Deq66GzIT1yt7sGwQ==",
			"dev": true,
			"requires": {
				"fsevents": "~2.3.1"
			}
		},
		"rollup-plugin-css-chunks": {
			"version": "2.0.2",
			"resolved": "https://registry.npmjs.org/rollup-plugin-css-chunks/-/rollup-plugin-css-chunks-2.0.2.tgz",
			"integrity": "sha512-Cg/J6ZGPOWgMeGqqdp7fxnmDMr3Y+9V3fJekaFqWp+ceLr7l14Ua3FYtKJ/+m/DnSYYs009PrCt2pitOjYwWxw==",
			"dev": true,
			"requires": {
				"rollup-pluginutils": "^2.7.1",
				"sourcemap-codec": "^1.4.4",
				"url-join": "^4.0.1"
			}
		},
		"rollup-plugin-svelte": {
			"version": "7.1.0",
			"resolved": "https://registry.npmjs.org/rollup-plugin-svelte/-/rollup-plugin-svelte-7.1.0.tgz",
			"integrity": "sha512-vopCUq3G+25sKjwF5VilIbiY6KCuMNHP1PFvx2Vr3REBNMDllKHFZN2B9jwwC+MqNc3UPKkjXnceLPEjTjXGXg==",
			"dev": true,
			"requires": {
				"require-relative": "^0.8.7",
				"rollup-pluginutils": "^2.8.2"
			}
		},
		"rollup-plugin-terser": {
			"version": "7.0.2",
			"resolved": "https://registry.npmjs.org/rollup-plugin-terser/-/rollup-plugin-terser-7.0.2.tgz",
			"integrity": "sha512-w3iIaU4OxcF52UUXiZNsNeuXIMDvFrr+ZXK6bFZ0Q60qyVfq4uLptoS4bbq3paG3x216eQllFZX7zt6TIImguQ==",
			"dev": true,
			"requires": {
				"@babel/code-frame": "^7.10.4",
				"jest-worker": "^26.2.1",
				"serialize-javascript": "^4.0.0",
				"terser": "^5.0.0"
			}
		},
		"rollup-pluginutils": {
			"version": "2.8.2",
			"resolved": "https://registry.npmjs.org/rollup-pluginutils/-/rollup-pluginutils-2.8.2.tgz",
			"integrity": "sha512-EEp9NhnUkwY8aif6bxgovPHMoMoNr2FulJziTndpt5H9RdwC47GSGuII9XxpSdzVGM0GWrNPHV6ie1LTNJPaLQ==",
			"dev": true,
			"requires": {
				"estree-walker": "^0.6.1"
			}
		},
		"sade": {
			"version": "1.7.4",
			"resolved": "https://registry.npmjs.org/sade/-/sade-1.7.4.tgz",
			"integrity": "sha512-y5yauMD93rX840MwUJr7C1ysLFBgMspsdTo4UVrDg3fXDvtwOyIqykhVAAm6fk/3au77773itJStObgK+LKaiA==",
			"dev": true,
			"requires": {
				"mri": "^1.1.0"
			}
		},
		"safe-buffer": {
			"version": "5.2.1",
			"resolved": "https://registry.npmjs.org/safe-buffer/-/safe-buffer-5.2.1.tgz",
			"integrity": "sha512-rp3So07KcdmmKbGvgaNxQSJr7bGVSVk5S9Eq1F+ppbRo70+YeaDxkw5Dd8NPN+GD6bjnYm2VuPuCXmpuYvmCXQ==",
			"dev": true
		},
		"scorta": {
			"version": "1.0.0",
			"resolved": "https://registry.npmjs.org/scorta/-/scorta-1.0.0.tgz",
			"integrity": "sha512-q6qyZNQEeJopoG5eWMVb92qeeKVRaThhaDwlyhu7V2MAROZjD0BJyGaNnf4d+QJcaJu+Mv72RqEB+BZVo+ONCA==",
			"dev": true,
			"requires": {
				"escalade": "^3.1.0"
			}
		},
		"serialize-javascript": {
			"version": "4.0.0",
			"resolved": "https://registry.npmjs.org/serialize-javascript/-/serialize-javascript-4.0.0.tgz",
			"integrity": "sha512-GaNA54380uFefWghODBWEGisLZFj00nS5ACs6yHa9nLqlLpVLO8ChDGeKRjZnV4Nh4n0Qi7nhYZD/9fCPzEqkw==",
			"dev": true,
			"requires": {
				"randombytes": "^2.1.0"
			}
		},
		"snowpack": {
			"version": "3.0.11",
			"resolved": "https://registry.npmjs.org/snowpack/-/snowpack-3.0.11.tgz",
			"integrity": "sha512-lBxgkvWTgdg0szE31JUt01wQkA9Lnmm+6lxqeV9rxDfflpx7ASnldVHFvu7Se70QJmPTQB0UJjfKI+xmYGwiiQ==",
			"dev": true,
			"requires": {
				"esbuild": "^0.8.7",
				"fsevents": "^2.2.0",
				"open": "^7.0.4",
				"rollup": "^2.34.0"
			}
		},
		"source-map": {
			"version": "0.7.3",
			"resolved": "https://registry.npmjs.org/source-map/-/source-map-0.7.3.tgz",
			"integrity": "sha512-CkCj6giN3S+n9qrYiBTX5gystlENnRW5jZeNLHpe6aue+SrHcG5VYwujhW9s4dY31mEGsxBDrHR6oI69fTXsaQ==",
			"dev": true
		},
		"source-map-support": {
			"version": "0.5.19",
			"resolved": "https://registry.npmjs.org/source-map-support/-/source-map-support-0.5.19.tgz",
			"integrity": "sha512-Wonm7zOCIJzBGQdB+thsPar0kYuCIzYvxZwlBa87yi/Mdjv7Tip2cyVbLj5o0cFPN4EVkuTwb3GDDyUx2DGnGw==",
			"dev": true,
			"requires": {
				"buffer-from": "^1.0.0",
				"source-map": "^0.6.0"
			},
			"dependencies": {
				"source-map": {
					"version": "0.6.1",
					"resolved": "https://registry.npmjs.org/source-map/-/source-map-0.6.1.tgz",
					"integrity": "sha512-UjgapumWlbMhkBgzT7Ykc5YXUT46F0iKu8SGXq0bcwP5dz/h0Plj6enJqjz1Zbq2l5WaqYnrVbwWOWMyF3F47g==",
					"dev": true
				}
			}
		},
		"sourcemap-codec": {
			"version": "1.4.8",
			"resolved": "https://registry.npmjs.org/sourcemap-codec/-/sourcemap-codec-1.4.8.tgz",
			"integrity": "sha512-9NykojV5Uih4lgo5So5dtw+f0JgJX30KCNI8gwhz2J9A15wD0Ml6tjHKwf6fTSa6fAdVBdZeNOs9eJ71qCk8vA==",
			"dev": true
		},
		"strip-indent": {
			"version": "3.0.0",
			"resolved": "https://registry.npmjs.org/strip-indent/-/strip-indent-3.0.0.tgz",
			"integrity": "sha512-laJTa3Jb+VQpaC6DseHhF7dXVqHTfJPCRDaEbid/drOhgitgYku/letMUqOXFoWV0zIIUbjpdH2t+tYj4bQMRQ==",
			"dev": true,
			"requires": {
				"min-indent": "^1.0.0"
			}
		},
		"supports-color": {
			"version": "5.5.0",
			"resolved": "https://registry.npmjs.org/supports-color/-/supports-color-5.5.0.tgz",
			"integrity": "sha512-QjVjwdXIt408MIiAqCX4oUKsgU2EqAGzs2Ppkm4aQYbjm+ZEWEcW4SfFNTr4uMNZma0ey4f5lgLrkB0aX0QMow==",
			"dev": true,
			"requires": {
				"has-flag": "^3.0.0"
			}
		},
		"svelte": {
			"version": "3.32.1",
			"resolved": "https://registry.npmjs.org/svelte/-/svelte-3.32.1.tgz",
			"integrity": "sha512-j1KmD2ZOU0RGq1/STDXjwfh0/eJ/Deh2NXyuz1bpR9eOcz9yImn4CGxXdbSAN7cMTm9a7IyPUIbuBCzu/pXK0g==",
			"dev": true
		},
		"svelte-hmr": {
			"version": "0.12.5",
			"resolved": "https://registry.npmjs.org/svelte-hmr/-/svelte-hmr-0.12.5.tgz",
			"integrity": "sha512-AEPtbwF6h+B5jI/aQhvk61wXrW6bxOGQecI/GmRd+LCvg+s4P0VQ3Xseg18foAM6ZemBZrGCRCopeZZS4+X7cg==",
			"dev": true
		},
		"svelte-preprocess": {
			"version": "4.6.6",
			"resolved": "https://registry.npmjs.org/svelte-preprocess/-/svelte-preprocess-4.6.6.tgz",
			"integrity": "sha512-qVlGwpHwsAApV/RBunO6YuI1Tbho7fIamIULOmNQ6+l21ZRjcirMtqgYtYdvj1XEngDae/pjIHA8R/7f2l+vBg==",
			"dev": true,
			"requires": {
				"@types/pug": "^2.0.4",
				"@types/sass": "^1.16.0",
				"detect-indent": "^6.0.0",
				"strip-indent": "^3.0.0"
			}
		},
		"terser": {
			"version": "5.5.1",
			"resolved": "https://registry.npmjs.org/terser/-/terser-5.5.1.tgz",
			"integrity": "sha512-6VGWZNVP2KTUcltUQJ25TtNjx/XgdDsBDKGt8nN0MpydU36LmbPPcMBd2kmtZNNGVVDLg44k7GKeHHj+4zPIBQ==",
			"dev": true,
			"requires": {
				"commander": "^2.20.0",
				"source-map": "~0.7.2",
				"source-map-support": "~0.5.19"
			}
		},
		"url-join": {
			"version": "4.0.1",
			"resolved": "https://registry.npmjs.org/url-join/-/url-join-4.0.1.tgz",
			"integrity": "sha512-jk1+QP6ZJqyOiuEI9AEWQfju/nB2Pw466kbA0LEZljHwKeMgd9WrAEgEGxjPDD2+TNbbb37rTyhEfrCXfuKXnA==",
			"dev": true
		}
	}
}
